
Microsoft Visual Studio Solution File, Format Version 12.00
# Visual Studio Version 16
VisualStudioVersion = 16.0.30128.74
MinimumVisualStudioVersion = 10.0.40219.1
Project("{9A19103F-16F7-4668-BE54-9A1E7A4F7556}") = "BlazorFractals", "src\BlazorFractals\BlazorFractals.csproj", "{B3BFE904-B3FB-43F8-958E-762EDF131150}"
EndProject
Project("{2150E333-8FDC-42A3-9474-1A3956D46DE8}") = "src", "src", "{45E05598-8C5B-4C5A-AF79-F3F8C861A545}"
EndProject
Project("{2150E333-8FDC-42A3-9474-1A3956D46DE8}") = "tests", "tests", "{5407FDE9-C811-4AA3-8F38-A4C5CFA1EEA5}"
EndProject
Project("{2150E333-8FDC-42A3-9474-1A3956D46DE8}") = "Solution Items", "Solution Items", "{2E604D96-C314-4DE1-BBF0-24239E36513D}"
	ProjectSection(SolutionItems) = preProject
		.github\workflows\gh-pages.yml = .github\workflows\gh-pages.yml
	EndProjectSection
EndProject
Project("{9A19103F-16F7-4668-BE54-9A1E7A4F7556}") = "ApplicationCore", "src\ApplicationCore\ApplicationCore.csproj", "{7CCF8025-2DE1-404B-9D60-65BF001D8856}"
EndProject
Project("{9A19103F-16F7-4668-BE54-9A1E7A4F7556}") = "CoreTests", "tests\CoreTests\CoreTests.csproj", "{5DDF4B2D-B793-47B7-B99B-5DD18A6758AF}"
EndProject
Project("{FAE04EC0-301F-11D3-BF4B-00C04F79EFBC}") = "Function", "src\Function\Function.csproj", "{93F814EC-B3F7-4060-BF53-9A8D171DA94D}"
EndProject
Global
	GlobalSection(SolutionConfigurationPlatforms) = preSolution
		Debug|Any CPU = Debug|Any CPU
		Release|Any CPU = Release|Any CPU
	EndGlobalSection
	GlobalSection(ProjectConfigurationPlatforms) = postSolution
		{B3BFE904-B3FB-43F8-958E-762EDF131150}.Debug|Any CPU.ActiveCfg = Debug|Any CPU
		{B3BFE904-B3FB-43F8-958E-762EDF131150}.Debug|Any CPU.Build.0 = Debug|Any CPU
		{B3BFE904-B3FB-43F8-958E-762EDF131150}.Release|Any CPU.ActiveCfg = Release|Any CPU
		{B3BFE904-B3FB-43F8-958E-762EDF131150}.Release|Any CPU.Build.0 = Release|Any CPU
		{7CCF8025-2DE1-404B-9D60-65BF001D8856}.Debug|Any CPU.ActiveCfg = Debug|Any CPU
		{7CCF8025-2DE1-404B-9D60-65BF001D8856}.Debug|Any CPU.Build.0 = Debug|Any CPU
		{7CCF8025-2DE1-404B-9D60-65BF001D8856}.Release|Any CPU.ActiveCfg = Release|Any CPU
		{7CCF8025-2DE1-404B-9D60-65BF001D8856}.Release|Any CPU.Build.0 = Release|Any CPU
		{5DDF4B2D-B793-47B7-B99B-5DD18A6758AF}.Debug|Any CPU.ActiveCfg = Debug|Any CPU
		{5DDF4B2D-B793-47B7-B99B-5DD18A6758AF}.Debug|Any CPU.Build.0 = Debug|Any CPU
		{5DDF4B2D-B793-47B7-B99B-5DD18A6758AF}.Release|Any CPU.ActiveCfg = Release|Any CPU
		{5DDF4B2D-B793-47B7-B99B-5DD18A6758AF}.Release|Any CPU.Build.0 = Release|Any CPU
		{93F814EC-B3F7-4060-BF53-9A8D171DA94D}.Debug|Any CPU.ActiveCfg = Debug|Any CPU
		{93F814EC-B3F7-4060-BF53-9A8D171DA94D}.Debug|Any CPU.Build.0 = Debug|Any CPU
		{93F814EC-B3F7-4060-BF53-9A8D171DA94D}.Release|Any CPU.ActiveCfg = Release|Any CPU
		{93F814EC-B3F7-4060-BF53-9A8D171DA94D}.Release|Any CPU.Build.0 = Release|Any CPU
	EndGlobalSection
	GlobalSection(SolutionProperties) = preSolution
		HideSolutionNode = FALSE
	EndGlobalSection
	GlobalSection(NestedProjects) = preSolution
		{B3BFE904-B3FB-43F8-958E-762EDF131150} = {45E05598-8C5B-4C5A-AF79-F3F8C861A545}
		{7CCF8025-2DE1-404B-9D60-65BF001D8856} = {45E05598-8C5B-4C5A-AF79-F3F8C861A545}
		{5DDF4B2D-B793-47B7-B99B-5DD18A6758AF} = {5407FDE9-C811-4AA3-8F38-A4C5CFA1EEA5}
		{93F814EC-B3F7-4060-BF53-9A8D171DA94D} = {45E05598-8C5B-4C5A-AF79-F3F8C861A545}
	EndGlobalSection
	GlobalSection(ExtensibilityGlobals) = postSolution
		SolutionGuid = {DA473AD0-6D0F-4D00-B927-C372AED5429E}
	EndGlobalSection
EndGlobal
